
Microsoft Visual Studio Solution File, Format Version 12.00
# Visual Studio Version 16
VisualStudioVersion = 16.0.28721.148
MinimumVisualStudioVersion = 10.0.40219.1
Project("{FAE04EC0-301F-11D3-BF4B-00C04F79EFBC}") = "BlazorMVVMSample.Server", "BlazorMVVMSample.Server\BlazorMVVMSample.Server.csproj", "{3C76388E-9CEC-4D07-8DD7-27ED1FA0F146}"
EndProject
Project("{FAE04EC0-301F-11D3-BF4B-00C04F79EFBC}") = "BlazorMVVMSample.Client", "BlazorMVVMSample.Client\BlazorMVVMSample.Client.csproj", "{BED1C134-9829-42A0-8D0C-BC3C7AAEFC3C}"
EndProject
Project("{FAE04EC0-301F-11D3-BF4B-00C04F79EFBC}") = "BlazorMVVMSample.Shared", "BlazorMVVMSample.Shared\BlazorMVVMSample.Shared.csproj", "{2F1B81A0-D57E-4EA0-99A6-6C99D5EB6A8C}"
EndProject
Global
	GlobalSection(SolutionConfigurationPlatforms) = preSolution
		Debug|Any CPU = Debug|Any CPU
		Release|Any CPU = Release|Any CPU
	EndGlobalSection
	GlobalSection(ProjectConfigurationPlatforms) = postSolution
		{3C76388E-9CEC-4D07-8DD7-27ED1FA0F146}.Debug|Any CPU.ActiveCfg = Debug|Any CPU
		{3C76388E-9CEC-4D07-8DD7-27ED1FA0F146}.Debug|Any CPU.Build.0 = Debug|Any CPU
		{3C76388E-9CEC-4D07-8DD7-27ED1FA0F146}.Release|Any CPU.ActiveCfg = Release|Any CPU
		{3C76388E-9CEC-4D07-8DD7-27ED1FA0F146}.Release|Any CPU.Build.0 = Release|Any CPU
		{BED1C134-9829-42A0-8D0C-BC3C7AAEFC3C}.Debug|Any CPU.ActiveCfg = Debug|Any CPU
		{BED1C134-9829-42A0-8D0C-BC3C7AAEFC3C}.Debug|Any CPU.Build.0 = Debug|Any CPU
		{BED1C134-9829-42A0-8D0C-BC3C7AAEFC3C}.Release|Any CPU.ActiveCfg = Release|Any CPU
		{BED1C134-9829-42A0-8D0C-BC3C7AAEFC3C}.Release|Any CPU.Build.0 = Release|Any CPU
		{2F1B81A0-D57E-4EA0-99A6-6C99D5EB6A8C}.Debug|Any CPU.ActiveCfg = Debug|Any CPU
		{2F1B81A0-D57E-4EA0-99A6-6C99D5EB6A8C}.Debug|Any CPU.Build.0 = Debug|Any CPU
		{2F1B81A0-D57E-4EA0-99A6-6C99D5EB6A8C}.Release|Any CPU.ActiveCfg = Release|Any CPU
		{2F1B81A0-D57E-4EA0-99A6-6C99D5EB6A8C}.Release|Any CPU.Build.0 = Release|Any CPU
	EndGlobalSection
	GlobalSection(SolutionProperties) = preSolution
		HideSolutionNode = FALSE
	EndGlobalSection
	GlobalSection(ExtensibilityGlobals) = postSolution
		SolutionGuid = {64434E0C-B8DD-42F9-92C9-50DB93594ABF}
	EndGlobalSection
EndGlobal
